// !$*UTF8*$!
{
	archiveVersion = 1;
	classes = {
	};
	objectVersion = 50;
	objects = {

/* Begin PBXBuildFile section */
		A4EA2AE92530092C004DB184 /* AppDelegate.swift in Sources */ = {isa = PBXBuildFile; fileRef = A4EA2AE82530092C004DB184 /* AppDelegate.swift */; };
		A4EA2AEB2530092C004DB184 /* SceneDelegate.swift in Sources */ = {isa = PBXBuildFile; fileRef = A4EA2AEA2530092C004DB184 /* SceneDelegate.swift */; };
		A4EA2AED2530092C004DB184 /* ViewController.swift in Sources */ = {isa = PBXBuildFile; fileRef = A4EA2AEC2530092C004DB184 /* ViewController.swift */; };
		A4EA2AF02530092C004DB184 /* Main.storyboard in Resources */ = {isa = PBXBuildFile; fileRef = A4EA2AEE2530092C004DB184 /* Main.storyboard */; };
		A4EA2AF22530092D004DB184 /* Assets.xcassets in Resources */ = {isa = PBXBuildFile; fileRef = A4EA2AF12530092D004DB184 /* Assets.xcassets */; };
		A4EA2AF52530092D004DB184 /* LaunchScreen.storyboard in Resources */ = {isa = PBXBuildFile; fileRef = A4EA2AF32530092D004DB184 /* LaunchScreen.storyboard */; };
		A4EA2B0C25303153004DB184 /* IndexView.swift in Sources */ = {isa = PBXBuildFile; fileRef = A4EA2B0B25303153004DB184 /* IndexView.swift */; };
		A4FDBC6025307B8700EB33BB /* Extension.swift in Sources */ = {isa = PBXBuildFile; fileRef = A4FDBC5F25307B8700EB33BB /* Extension.swift */; };
		A4FDBC632530853600EB33BB /* Util.swift in Sources */ = {isa = PBXBuildFile; fileRef = A4FDBC622530853600EB33BB /* Util.swift */; };
/* End PBXBuildFile section */

/* Begin PBXFileReference section */
		A4EA2AE52530092C004DB184 /* ScrollViewwithStackView.app */ = {isa = PBXFileReference; explicitFileType = wrapper.application; includeInIndex = 0; path = ScrollViewwithStackView.app; sourceTree = BUILT_PRODUCTS_DIR; };
		A4EA2AE82530092C004DB184 /* AppDelegate.swift */ = {isa = PBXFileReference; lastKnownFileType = sourcecode.swift; path = AppDelegate.swift; sourceTree = "<group>"; };
		A4EA2AEA2530092C004DB184 /* SceneDelegate.swift */ = {isa = PBXFileReference; lastKnownFileType = sourcecode.swift; path = SceneDelegate.swift; sourceTree = "<group>"; };
		A4EA2AEC2530092C004DB184 /* ViewController.swift */ = {isa = PBXFileReference; lastKnownFileType = sourcecode.swift; path = ViewController.swift; sourceTree = "<group>"; };
		A4EA2AEF2530092C004DB184 /* Base */ = {isa = PBXFileReference; lastKnownFileType = file.storyboard; name = Base; path = Base.lproj/Main.storyboard; sourceTree = "<group>"; };
		A4EA2AF12530092D004DB184 /* Assets.xcassets */ = {isa = PBXFileReference; lastKnownFileType = folder.assetcatalog; path = Assets.xcassets; sourceTree = "<group>"; };
		A4EA2AF42530092D004DB184 /* Base */ = {isa = PBXFileReference; lastKnownFileType = file.storyboard; name = Base; path = Base.lproj/LaunchScreen.storyboard; sourceTree = "<group>"; };
		A4EA2AF62530092D004DB184 /* Info.plist */ = {isa = PBXFileReference; lastKnownFileType = text.plist.xml; path = Info.plist; sourceTree = "<group>"; };
		A4EA2B0B25303153004DB184 /* IndexView.swift */ = {isa = PBXFileReference; lastKnownFileType = sourcecode.swift; path = IndexView.swift; sourceTree = "<group>"; };
		A4FDBC5F25307B8700EB33BB /* Extension.swift */ = {isa = PBXFileReference; lastKnownFileType = sourcecode.swift; path = Extension.swift; sourceTree = "<group>"; };
		A4FDBC622530853600EB33BB /* Util.swift */ = {isa = PBXFileReference; lastKnownFileType = sourcecode.swift; path = Util.swift; sourceTree = "<group>"; };
/* End PBXFileReference section */

/* Begin PBXFrameworksBuildPhase section */
		A4EA2AE22530092C004DB184 /* Frameworks */ = {
			isa = PBXFrameworksBuildPhase;
			buildActionMask = 2147483647;
			files = (
			);
			runOnlyForDeploymentPostprocessing = 0;
		};
/* End PBXFrameworksBuildPhase section */

/* Begin PBXGroup section */
		A4EA2ADC2530092C004DB184 = {
			isa = PBXGroup;
			children = (
				A4EA2AE72530092C004DB184 /* ScrollViewwithStackView */,
				A4EA2AE62530092C004DB184 /* Products */,
			);
			sourceTree = "<group>";
		};
		A4EA2AE62530092C004DB184 /* Products */ = {
			isa = PBXGroup;
			children = (
				A4EA2AE52530092C004DB184 /* ScrollViewwithStackView.app */,
			);
			name = Products;
			sourceTree = "<group>";
		};
		A4EA2AE72530092C004DB184 /* ScrollViewwithStackView */ = {
			isa = PBXGroup;
			children = (
				A4EA2AE82530092C004DB184 /* AppDelegate.swift */,
				A4EA2AEA2530092C004DB184 /* SceneDelegate.swift */,
				A4EA2B0B25303153004DB184 /* IndexView.swift */,
				A4EA2AEC2530092C004DB184 /* ViewController.swift */,
				A4FDBC622530853600EB33BB /* Util.swift */,
				A4EA2AEE2530092C004DB184 /* Main.storyboard */,
				A4EA2AF12530092D004DB184 /* Assets.xcassets */,
				A4EA2AF32530092D004DB184 /* LaunchScreen.storyboard */,
				A4EA2AF62530092D004DB184 /* Info.plist */,
				A4FDBC5F25307B8700EB33BB /* Extension.swift */,
			);
			path = ScrollViewwithStackView;
			sourceTree = "<group>";
		};
/* End PBXGroup section */

/* Begin PBXNativeTarget section */
		A4EA2AE42530092C004DB184 /* ScrollViewwithStackView */ = {
			isa = PBXNativeTarget;
			buildConfigurationList = A4EA2AF92530092D004DB184 /* Build configuration list for PBXNativeTarget "ScrollViewwithStackView" */;
			buildPhases = (
				A4EA2AE12530092C004DB184 /* Sources */,
				A4EA2AE22530092C004DB184 /* Frameworks */,
				A4EA2AE32530092C004DB184 /* Resources */,
			);
			buildRules = (
			);
			dependencies = (
			);
			name = ScrollViewwithStackView;
			productName = ScrollViewwithStackView;
			productReference = A4EA2AE52530092C004DB184 /* ScrollViewwithStackView.app */;
			productType = "com.apple.product-type.application";
		};
/* End PBXNativeTarget section */

/* Begin PBXProject section */
		A4EA2ADD2530092C004DB184 /* Project object */ = {
			isa = PBXProject;
			attributes = {
				LastSwiftUpdateCheck = 1200;
				LastUpgradeCheck = 1200;
				TargetAttributes = {
					A4EA2AE42530092C004DB184 = {
						CreatedOnToolsVersion = 12.0.1;
					};
				};
			};
			buildConfigurationList = A4EA2AE02530092C004DB184 /* Build configuration list for PBXProject "ScrollViewwithStackView" */;
			compatibilityVersion = "Xcode 9.3";
			developmentRegion = en;
			hasScannedForEncodings = 0;
			knownRegions = (
				en,
				Base,
			);
			mainGroup = A4EA2ADC2530092C004DB184;
			productRefGroup = A4EA2AE62530092C004DB184 /* Products */;
			projectDirPath = "";
			projectRoot = "";
			targets = (
				A4EA2AE42530092C004DB184 /* ScrollViewwithStackView */,
			);
		};
/* End PBXProject section */

/* Begin PBXResourcesBuildPhase section */
		A4EA2AE32530092C004DB184 /* Resources */ = {
			isa = PBXResourcesBuildPhase;
			buildActionMask = 2147483647;
			files = (
				A4EA2AF52530092D004DB184 /* LaunchScreen.storyboard in Resources */,
				A4EA2AF22530092D004DB184 /* Assets.xcassets in Resources */,
				A4EA2AF02530092C004DB184 /* Main.storyboard in Resources */,
			);
			runOnlyForDeploymentPostprocessing = 0;
		};
/* End PBXResourcesBuildPhase section */

/* Begin PBXSourcesBuildPhase section */
		A4EA2AE12530092C004DB184 /* Sources */ = {
			isa = PBXSourcesBuildPhase;
			buildActionMask = 2147483647;
			files = (
				A4FDBC6025307B8700EB33BB /* Extension.swift in Sources */,
				A4FDBC632530853600EB33BB /* Util.swift in Sources */,
				A4EA2B0C25303153004DB184 /* IndexView.swift in Sources */,
				A4EA2AED2530092C004DB184 /* ViewController.swift in Sources */,
				A4EA2AE92530092C004DB184 /* AppDelegate.swift in Sources */,
				A4EA2AEB2530092C004DB184 /* SceneDelegate.swift in Sources */,
			);
			runOnlyForDeploymentPostprocessing = 0;
		};
/* End PBXSourcesBuildPhase section */

/* Begin PBXVariantGroup section */
		A4EA2AEE2530092C004DB184 /* Main.storyboard */ = {
			isa = PBXVariantGroup;
			children = (
				A4EA2AEF2530092C004DB184 /* Base */,
			);
			name = Main.storyboard;
			sourceTree = "<group>";
		};
		A4EA2AF32530092D004DB184 /* LaunchScreen.storyboard */ = {
			isa = PBXVariantGroup;
			children = (
				A4EA2AF42530092D004DB184 /* Base */,
			);
			name = LaunchScreen.storyboard;
			sourceTree = "<group>";
		};
/* End PBXVariantGroup section */

/* Begin XCBuildConfiguration section */
		A4EA2AF72530092D004DB184 /* Debug */ = {
			isa = XCBuildConfiguration;
			buildSettings = {
				ALWAYS_SEARCH_USER_PATHS = NO;
				CLANG_ANALYZER_NONNULL = YES;
				CLANG_ANALYZER_NUMBER_OBJECT_CONVERSION = YES_AGGRESSIVE;
				CLANG_CXX_LANGUAGE_STANDARD = "gnu++14";
				CLANG_CXX_LIBRARY = "libc++";
				CLANG_ENABLE_MODULES = YES;
				CLANG_ENABLE_OBJC_ARC = YES;
				CLANG_ENABLE_OBJC_WEAK = YES;
				CLANG_WARN_BLOCK_CAPTURE_AUTORELEASING = YES;
				CLANG_WARN_BOOL_CONVERSION = YES;
				CLANG_WARN_COMMA = YES;
				CLANG_WARN_CONSTANT_CONVERSION = YES;
				CLANG_WARN_DEPRECATED_OBJC_IMPLEMENTATIONS = YES;
				CLANG_WARN_DIRECT_OBJC_ISA_USAGE = YES_ERROR;
				CLANG_WARN_DOCUMENTATION_COMMENTS = YES;
				CLANG_WARN_EMPTY_BODY = YES;
				CLANG_WARN_ENUM_CONVERSION = YES;
				CLANG_WARN_INFINITE_RECURSION = YES;
				CLANG_WARN_INT_CONVERSION = YES;
				CLANG_WARN_NON_LITERAL_NULL_CONVERSION = YES;
				CLANG_WARN_OBJC_IMPLICIT_RETAIN_SELF = YES;
				CLANG_WARN_OBJC_LITERAL_CONVERSION = YES;
				CLANG_WARN_OBJC_ROOT_CLASS = YES_ERROR;
				CLANG_WARN_QUOTED_INCLUDE_IN_FRAMEWORK_HEADER = YES;
				CLANG_WARN_RANGE_LOOP_ANALYSIS = YES;
				CLANG_WARN_STRICT_PROTOTYPES = YES;
				CLANG_WARN_SUSPICIOUS_MOVE = YES;
				CLANG_WARN_UNGUARDED_AVAILABILITY = YES_AGGRESSIVE;
				CLANG_WARN_UNREACHABLE_CODE = YES;
				CLANG_WARN__DUPLICATE_METHOD_MATCH = YES;
				COPY_PHASE_STRIP = NO;
				DEBUG_INFORMATION_FORMAT = dwarf;
				ENABLE_STRICT_OBJC_MSGSEND = YES;
				ENABLE_TESTABILITY = YES;
				GCC_C_LANGUAGE_STANDARD = gnu11;
				GCC_DYNAMIC_NO_PIC = NO;
				GCC_NO_COMMON_BLOCKS = YES;
				GCC_OPTIMIZATION_LEVEL = 0;
				GCC_PREPROCESSOR_DEFINITIONS = (
					"DEBUG=1",
					"$(inherited)",
				);
				GCC_WARN_64_TO_32_BIT_CONVERSION = YES;
				GCC_WARN_ABOUT_RETURN_TYPE = YES_ERROR;
				GCC_WARN_UNDECLARED_SELECTOR = YES;
				GCC_WARN_UNINITIALIZED_AUTOS = YES_AGGRESSIVE;
				GCC_WARN_UNUSED_FUNCTION = YES;
				GCC_WARN_UNUSED_VARIABLE = YES;
				IPHONEOS_DEPLOYMENT_TARGET = 14.0;
				MTL_ENABLE_DEBUG_INFO = INCLUDE_SOURCE;
				MTL_FAST_MATH = YES;
				ONLY_ACTIVE_ARCH = YES;
				SDKROOT = iphoneos;
				SWIFT_ACTIVE_COMPILATION_CONDITIONS = DEBUG;
				SWIFT_OPTIMIZATION_LEVEL = "-Onone";
			};
			name = Debug;
		};
		A4EA2AF82530092D004DB184 /* Release */ = {
			isa = XCBuildConfiguration;
			buildSettings = {
				ALWAYS_SEARCH_USER_PATHS = NO;
				CLANG_ANALYZER_NONNULL = YES;
				CLANG_ANALYZER_NUMBER_OBJECT_CONVERSION = YES_AGGRESSIVE;
				CLANG_CXX_LANGUAGE_STANDARD = "gnu++14";
				CLANG_CXX_LIBRARY = "libc++";
				CLANG_ENABLE_MODULES = YES;
				CLANG_ENABLE_OBJC_ARC = YES;
				CLANG_ENABLE_OBJC_WEAK = YES;
				CLANG_WARN_BLOCK_CAPTURE_AUTORELEASING = YES;
				CLANG_WARN_BOOL_CONVERSION = YES;
				CLANG_WARN_COMMA = YES;
				CLANG_WARN_CONSTANT_CONVERSION = YES;
				CLANG_WARN_DEPRECATED_OBJC_IMPLEMENTATIONS = YES;
				CLANG_WARN_DIRECT_OBJC_ISA_USAGE = YES_ERROR;
				CLANG_WARN_DOCUMENTATION_COMMENTS = YES;
				CLANG_WARN_EMPTY_BODY = YES;
				CLANG_WARN_ENUM_CONVERSION = YES;
				CLANG_WARN_INFINITE_RECURSION = YES;
				CLANG_WARN_INT_CONVERSION = YES;
				CLANG_WARN_NON_LITERAL_NULL_CONVERSION = YES;
				CLANG_WARN_OBJC_IMPLICIT_RETAIN_SELF = YES;
				CLANG_WARN_OBJC_LITERAL_CONVERSION = YES;
				CLANG_WARN_OBJC_ROOT_CLASS = YES_ERROR;
				CLANG_WARN_QUOTED_INCLUDE_IN_FRAMEWORK_HEADER = YES;
				CLANG_WARN_RANGE_LOOP_ANALYSIS = YES;
				CLANG_WARN_STRICT_PROTOTYPES = YES;
				CLANG_WARN_SUSPICIOUS_MOVE = YES;
				CLANG_WARN_UNGUARDED_AVAILABILITY = YES_AGGRESSIVE;
				CLANG_WARN_UNREACHABLE_CODE = YES;
				CLANG_WARN__DUPLICATE_METHOD_MATCH = YES;
				COPY_PHASE_STRIP = NO;
				DEBUG_INFORMATION_FORMAT = "dwarf-with-dsym";
				ENABLE_NS_ASSERTIONS = NO;
				ENABLE_STRICT_OBJC_MSGSEND = YES;
				GCC_C_LANGUAGE_STANDARD = gnu11;
				GCC_NO_COMMON_BLOCKS = YES;
				GCC_WARN_64_TO_32_BIT_CONVERSION = YES;
				GCC_WARN_ABOUT_RETURN_TYPE = YES_ERROR;
				GCC_WARN_UNDECLARED_SELECTOR = YES;
				GCC_WARN_UNINITIALIZED_AUTOS = YES_AGGRESSIVE;
				GCC_WARN_UNUSED_FUNCTION = YES;
				GCC_WARN_UNUSED_VARIABLE = YES;
				IPHONEOS_DEPLOYMENT_TARGET = 14.0;
				MTL_ENABLE_DEBUG_INFO = NO;
				MTL_FAST_MATH = YES;
				SDKROOT = iphoneos;
				SWIFT_COMPILATION_MODE = wholemodule;
				SWIFT_OPTIMIZATION_LEVEL = "-O";
				VALIDATE_PRODUCT = YES;
			};
			name = Release;
		};
		A4EA2AFA2530092D004DB184 /* Debug */ = {
			isa = XCBuildConfiguration;
			buildSettings = {
				ASSETCATALOG_COMPILER_APPICON_NAME = AppIcon;
				ASSETCATALOG_COMPILER_GLOBAL_ACCENT_COLOR_NAME = AccentColor;
				CODE_SIGN_STYLE = Automatic;
				DEVELOPMENT_TEAM = 6U769Q36UT;
				INFOPLIST_FILE = ScrollViewwithStackView/Info.plist;
				LD_RUNPATH_SEARCH_PATHS = (
					"$(inherited)",
					"@executable_path/Frameworks",
				);
				PRODUCT_BUNDLE_IDENTIFIER = com.aaronlee9303.ScrollViewwithStackView;
				PRODUCT_NAME = "$(TARGET_NAME)";
				SWIFT_VERSION = 5.0;
				TARGETED_DEVICE_FAMILY = "1,2";
			};
			name = Debug;
		};
		A4EA2AFB2530092D004DB184 /* Release */ = {
			isa = XCBuildConfiguration;
			buildSettings = {
				ASSETCATALOG_COMPILER_APPICON_NAME = AppIcon;
				ASSETCATALOG_COMPILER_GLOBAL_ACCENT_COLOR_NAME = AccentColor;
				CODE_SIGN_STYLE = Automatic;
				DEVELOPMENT_TEAM = 6U769Q36UT;
				INFOPLIST_FILE = ScrollViewwithStackView/Info.plist;
				LD_RUNPATH_SEARCH_PATHS = (
					"$(inherited)",
					"@executable_path/Frameworks",
				);
				PRODUCT_BUNDLE_IDENTIFIER = com.aaronlee9303.ScrollViewwithStackView;
				PRODUCT_NAME = "$(TARGET_NAME)";
				SWIFT_VERSION = 5.0;
				TARGETED_DEVICE_FAMILY = "1,2";
			};
			name = Release;
		};
/* End XCBuildConfiguration section */

/* Begin XCConfigurationList section */
		A4EA2AE02530092C004DB184 /* Build configuration list for PBXProject "ScrollViewwithStackView" */ = {
			isa = XCConfigurationList;
			buildConfigurations = (
				A4EA2AF72530092D004DB184 /* Debug */,
				A4EA2AF82530092D004DB184 /* Release */,
			);
			defaultConfigurationIsVisible = 0;
			defaultConfigurationName = Release;
		};
		A4EA2AF92530092D004DB184 /* Build configuration list for PBXNativeTarget "ScrollViewwithStackView" */ = {
			isa = XCConfigurationList;
			buildConfigurations = (
				A4EA2AFA2530092D004DB184 /* Debug */,
				A4EA2AFB2530092D004DB184 /* Release */,
			);
			defaultConfigurationIsVisible = 0;
			defaultConfigurationName = Release;
		};
/* End XCConfigurationList section */
	};
	rootObject = A4EA2ADD2530092C004DB184 /* Project object */;
}
