// !$*UTF8*$!
{
	archiveVersion = 1;
	classes = {
	};
	objectVersion = 50;
	objects = {

/* Begin PBXBuildFile section */
		A4BE46FD260A340400BCA3D7 /* AppDelegate.swift in Sources */ = {isa = PBXBuildFile; fileRef = A4BE46FC260A340400BCA3D7 /* AppDelegate.swift */; };
		A4BE46FF260A340400BCA3D7 /* SceneDelegate.swift in Sources */ = {isa = PBXBuildFile; fileRef = A4BE46FE260A340400BCA3D7 /* SceneDelegate.swift */; };
		A4BE4706260A340800BCA3D7 /* Assets.xcassets in Resources */ = {isa = PBXBuildFile; fileRef = A4BE4705260A340800BCA3D7 /* Assets.xcassets */; };
		A4BE4709260A340800BCA3D7 /* LaunchScreen.storyboard in Resources */ = {isa = PBXBuildFile; fileRef = A4BE4707260A340800BCA3D7 /* LaunchScreen.storyboard */; };
		A4BE4713260A346600BCA3D7 /* UIView+Extension.swift in Sources */ = {isa = PBXBuildFile; fileRef = A4BE4712260A346600BCA3D7 /* UIView+Extension.swift */; };
		A4BE4719260A349A00BCA3D7 /* MainViewController.swift in Sources */ = {isa = PBXBuildFile; fileRef = A4BE4718260A349A00BCA3D7 /* MainViewController.swift */; };
		A4BE471E260A36F800BCA3D7 /* TextField1ViewController.swift in Sources */ = {isa = PBXBuildFile; fileRef = A4BE471D260A36F800BCA3D7 /* TextField1ViewController.swift */; };
/* End PBXBuildFile section */

/* Begin PBXFileReference section */
		A4BE46F9260A340400BCA3D7 /* CustomViewExamples.app */ = {isa = PBXFileReference; explicitFileType = wrapper.application; includeInIndex = 0; path = CustomViewExamples.app; sourceTree = BUILT_PRODUCTS_DIR; };
		A4BE46FC260A340400BCA3D7 /* AppDelegate.swift */ = {isa = PBXFileReference; lastKnownFileType = sourcecode.swift; path = AppDelegate.swift; sourceTree = "<group>"; };
		A4BE46FE260A340400BCA3D7 /* SceneDelegate.swift */ = {isa = PBXFileReference; lastKnownFileType = sourcecode.swift; path = SceneDelegate.swift; sourceTree = "<group>"; };
		A4BE4705260A340800BCA3D7 /* Assets.xcassets */ = {isa = PBXFileReference; lastKnownFileType = folder.assetcatalog; path = Assets.xcassets; sourceTree = "<group>"; };
		A4BE4708260A340800BCA3D7 /* Base */ = {isa = PBXFileReference; lastKnownFileType = file.storyboard; name = Base; path = Base.lproj/LaunchScreen.storyboard; sourceTree = "<group>"; };
		A4BE470A260A340800BCA3D7 /* Info.plist */ = {isa = PBXFileReference; lastKnownFileType = text.plist.xml; path = Info.plist; sourceTree = "<group>"; };
		A4BE4712260A346600BCA3D7 /* UIView+Extension.swift */ = {isa = PBXFileReference; fileEncoding = 4; lastKnownFileType = sourcecode.swift; path = "UIView+Extension.swift"; sourceTree = "<group>"; };
		A4BE4718260A349A00BCA3D7 /* MainViewController.swift */ = {isa = PBXFileReference; lastKnownFileType = sourcecode.swift; path = MainViewController.swift; sourceTree = "<group>"; };
		A4BE471D260A36F800BCA3D7 /* TextField1ViewController.swift */ = {isa = PBXFileReference; lastKnownFileType = sourcecode.swift; path = TextField1ViewController.swift; sourceTree = "<group>"; };
/* End PBXFileReference section */

/* Begin PBXFrameworksBuildPhase section */
		A4BE46F6260A340400BCA3D7 /* Frameworks */ = {
			isa = PBXFrameworksBuildPhase;
			buildActionMask = 2147483647;
			files = (
			);
			runOnlyForDeploymentPostprocessing = 0;
		};
/* End PBXFrameworksBuildPhase section */

/* Begin PBXGroup section */
		A4BE46F0260A340400BCA3D7 = {
			isa = PBXGroup;
			children = (
				A4BE46FB260A340400BCA3D7 /* CustomViewExamples */,
				A4BE46FA260A340400BCA3D7 /* Products */,
			);
			sourceTree = "<group>";
		};
		A4BE46FA260A340400BCA3D7 /* Products */ = {
			isa = PBXGroup;
			children = (
				A4BE46F9260A340400BCA3D7 /* CustomViewExamples.app */,
			);
			name = Products;
			sourceTree = "<group>";
		};
		A4BE46FB260A340400BCA3D7 /* CustomViewExamples */ = {
			isa = PBXGroup;
			children = (
				A4BE4715260A346C00BCA3D7 /* Application */,
				A4BE4717260A348900BCA3D7 /* Views */,
				A4BE4716260A347700BCA3D7 /* Extensions */,
			);
			path = CustomViewExamples;
			sourceTree = "<group>";
		};
		A4BE4715260A346C00BCA3D7 /* Application */ = {
			isa = PBXGroup;
			children = (
				A4BE46FC260A340400BCA3D7 /* AppDelegate.swift */,
				A4BE46FE260A340400BCA3D7 /* SceneDelegate.swift */,
				A4BE4705260A340800BCA3D7 /* Assets.xcassets */,
				A4BE4707260A340800BCA3D7 /* LaunchScreen.storyboard */,
				A4BE470A260A340800BCA3D7 /* Info.plist */,
			);
			name = Application;
			sourceTree = "<group>";
		};
		A4BE4716260A347700BCA3D7 /* Extensions */ = {
			isa = PBXGroup;
			children = (
				A4BE4712260A346600BCA3D7 /* UIView+Extension.swift */,
			);
			path = Extensions;
			sourceTree = "<group>";
		};
		A4BE4717260A348900BCA3D7 /* Views */ = {
			isa = PBXGroup;
			children = (
				A4BE4718260A349A00BCA3D7 /* MainViewController.swift */,
				A4BE471D260A36F800BCA3D7 /* TextField1ViewController.swift */,
			);
			path = Views;
			sourceTree = "<group>";
		};
/* End PBXGroup section */

/* Begin PBXNativeTarget section */
		A4BE46F8260A340400BCA3D7 /* CustomViewExamples */ = {
			isa = PBXNativeTarget;
			buildConfigurationList = A4BE470D260A340800BCA3D7 /* Build configuration list for PBXNativeTarget "CustomViewExamples" */;
			buildPhases = (
				A4BE46F5260A340400BCA3D7 /* Sources */,
				A4BE46F6260A340400BCA3D7 /* Frameworks */,
				A4BE46F7260A340400BCA3D7 /* Resources */,
			);
			buildRules = (
			);
			dependencies = (
			);
			name = CustomViewExamples;
			productName = CustomViewExamples;
			productReference = A4BE46F9260A340400BCA3D7 /* CustomViewExamples.app */;
			productType = "com.apple.product-type.application";
		};
/* End PBXNativeTarget section */

/* Begin PBXProject section */
		A4BE46F1260A340400BCA3D7 /* Project object */ = {
			isa = PBXProject;
			attributes = {
				LastSwiftUpdateCheck = 1240;
				LastUpgradeCheck = 1240;
				TargetAttributes = {
					A4BE46F8260A340400BCA3D7 = {
						CreatedOnToolsVersion = 12.4;
					};
				};
			};
			buildConfigurationList = A4BE46F4260A340400BCA3D7 /* Build configuration list for PBXProject "CustomViewExamples" */;
			compatibilityVersion = "Xcode 9.3";
			developmentRegion = en;
			hasScannedForEncodings = 0;
			knownRegions = (
				en,
				Base,
			);
			mainGroup = A4BE46F0260A340400BCA3D7;
			productRefGroup = A4BE46FA260A340400BCA3D7 /* Products */;
			projectDirPath = "";
			projectRoot = "";
			targets = (
				A4BE46F8260A340400BCA3D7 /* CustomViewExamples */,
			);
		};
/* End PBXProject section */

/* Begin PBXResourcesBuildPhase section */
		A4BE46F7260A340400BCA3D7 /* Resources */ = {
			isa = PBXResourcesBuildPhase;
			buildActionMask = 2147483647;
			files = (
				A4BE4709260A340800BCA3D7 /* LaunchScreen.storyboard in Resources */,
				A4BE4706260A340800BCA3D7 /* Assets.xcassets in Resources */,
			);
			runOnlyForDeploymentPostprocessing = 0;
		};
/* End PBXResourcesBuildPhase section */

/* Begin PBXSourcesBuildPhase section */
		A4BE46F5260A340400BCA3D7 /* Sources */ = {
			isa = PBXSourcesBuildPhase;
			buildActionMask = 2147483647;
			files = (
				A4BE4713260A346600BCA3D7 /* UIView+Extension.swift in Sources */,
				A4BE471E260A36F800BCA3D7 /* TextField1ViewController.swift in Sources */,
				A4BE46FD260A340400BCA3D7 /* AppDelegate.swift in Sources */,
				A4BE46FF260A340400BCA3D7 /* SceneDelegate.swift in Sources */,
				A4BE4719260A349A00BCA3D7 /* MainViewController.swift in Sources */,
			);
			runOnlyForDeploymentPostprocessing = 0;
		};
/* End PBXSourcesBuildPhase section */

/* Begin PBXVariantGroup section */
		A4BE4707260A340800BCA3D7 /* LaunchScreen.storyboard */ = {
			isa = PBXVariantGroup;
			children = (
				A4BE4708260A340800BCA3D7 /* Base */,
			);
			name = LaunchScreen.storyboard;
			sourceTree = "<group>";
		};
/* End PBXVariantGroup section */

/* Begin XCBuildConfiguration section */
		A4BE470B260A340800BCA3D7 /* Debug */ = {
			isa = XCBuildConfiguration;
			buildSettings = {
				ALWAYS_SEARCH_USER_PATHS = NO;
				CLANG_ANALYZER_NONNULL = YES;
				CLANG_ANALYZER_NUMBER_OBJECT_CONVERSION = YES_AGGRESSIVE;
				CLANG_CXX_LANGUAGE_STANDARD = "gnu++14";
				CLANG_CXX_LIBRARY = "libc++";
				CLANG_ENABLE_MODULES = YES;
				CLANG_ENABLE_OBJC_ARC = YES;
				CLANG_ENABLE_OBJC_WEAK = YES;
				CLANG_WARN_BLOCK_CAPTURE_AUTORELEASING = YES;
				CLANG_WARN_BOOL_CONVERSION = YES;
				CLANG_WARN_COMMA = YES;
				CLANG_WARN_CONSTANT_CONVERSION = YES;
				CLANG_WARN_DEPRECATED_OBJC_IMPLEMENTATIONS = YES;
				CLANG_WARN_DIRECT_OBJC_ISA_USAGE = YES_ERROR;
				CLANG_WARN_DOCUMENTATION_COMMENTS = YES;
				CLANG_WARN_EMPTY_BODY = YES;
				CLANG_WARN_ENUM_CONVERSION = YES;
				CLANG_WARN_INFINITE_RECURSION = YES;
				CLANG_WARN_INT_CONVERSION = YES;
				CLANG_WARN_NON_LITERAL_NULL_CONVERSION = YES;
				CLANG_WARN_OBJC_IMPLICIT_RETAIN_SELF = YES;
				CLANG_WARN_OBJC_LITERAL_CONVERSION = YES;
				CLANG_WARN_OBJC_ROOT_CLASS = YES_ERROR;
				CLANG_WARN_QUOTED_INCLUDE_IN_FRAMEWORK_HEADER = YES;
				CLANG_WARN_RANGE_LOOP_ANALYSIS = YES;
				CLANG_WARN_STRICT_PROTOTYPES = YES;
				CLANG_WARN_SUSPICIOUS_MOVE = YES;
				CLANG_WARN_UNGUARDED_AVAILABILITY = YES_AGGRESSIVE;
				CLANG_WARN_UNREACHABLE_CODE = YES;
				CLANG_WARN__DUPLICATE_METHOD_MATCH = YES;
				COPY_PHASE_STRIP = NO;
				DEBUG_INFORMATION_FORMAT = dwarf;
				ENABLE_STRICT_OBJC_MSGSEND = YES;
				ENABLE_TESTABILITY = YES;
				GCC_C_LANGUAGE_STANDARD = gnu11;
				GCC_DYNAMIC_NO_PIC = NO;
				GCC_NO_COMMON_BLOCKS = YES;
				GCC_OPTIMIZATION_LEVEL = 0;
				GCC_PREPROCESSOR_DEFINITIONS = (
					"DEBUG=1",
					"$(inherited)",
				);
				GCC_WARN_64_TO_32_BIT_CONVERSION = YES;
				GCC_WARN_ABOUT_RETURN_TYPE = YES_ERROR;
				GCC_WARN_UNDECLARED_SELECTOR = YES;
				GCC_WARN_UNINITIALIZED_AUTOS = YES_AGGRESSIVE;
				GCC_WARN_UNUSED_FUNCTION = YES;
				GCC_WARN_UNUSED_VARIABLE = YES;
				IPHONEOS_DEPLOYMENT_TARGET = 12.0;
				MTL_ENABLE_DEBUG_INFO = INCLUDE_SOURCE;
				MTL_FAST_MATH = YES;
				ONLY_ACTIVE_ARCH = YES;
				SDKROOT = iphoneos;
				SWIFT_ACTIVE_COMPILATION_CONDITIONS = DEBUG;
				SWIFT_OPTIMIZATION_LEVEL = "-Onone";
			};
			name = Debug;
		};
		A4BE470C260A340800BCA3D7 /* Release */ = {
			isa = XCBuildConfiguration;
			buildSettings = {
				ALWAYS_SEARCH_USER_PATHS = NO;
				CLANG_ANALYZER_NONNULL = YES;
				CLANG_ANALYZER_NUMBER_OBJECT_CONVERSION = YES_AGGRESSIVE;
				CLANG_CXX_LANGUAGE_STANDARD = "gnu++14";
				CLANG_CXX_LIBRARY = "libc++";
				CLANG_ENABLE_MODULES = YES;
				CLANG_ENABLE_OBJC_ARC = YES;
				CLANG_ENABLE_OBJC_WEAK = YES;
				CLANG_WARN_BLOCK_CAPTURE_AUTORELEASING = YES;
				CLANG_WARN_BOOL_CONVERSION = YES;
				CLANG_WARN_COMMA = YES;
				CLANG_WARN_CONSTANT_CONVERSION = YES;
				CLANG_WARN_DEPRECATED_OBJC_IMPLEMENTATIONS = YES;
				CLANG_WARN_DIRECT_OBJC_ISA_USAGE = YES_ERROR;
				CLANG_WARN_DOCUMENTATION_COMMENTS = YES;
				CLANG_WARN_EMPTY_BODY = YES;
				CLANG_WARN_ENUM_CONVERSION = YES;
				CLANG_WARN_INFINITE_RECURSION = YES;
				CLANG_WARN_INT_CONVERSION = YES;
				CLANG_WARN_NON_LITERAL_NULL_CONVERSION = YES;
				CLANG_WARN_OBJC_IMPLICIT_RETAIN_SELF = YES;
				CLANG_WARN_OBJC_LITERAL_CONVERSION = YES;
				CLANG_WARN_OBJC_ROOT_CLASS = YES_ERROR;
				CLANG_WARN_QUOTED_INCLUDE_IN_FRAMEWORK_HEADER = YES;
				CLANG_WARN_RANGE_LOOP_ANALYSIS = YES;
				CLANG_WARN_STRICT_PROTOTYPES = YES;
				CLANG_WARN_SUSPICIOUS_MOVE = YES;
				CLANG_WARN_UNGUARDED_AVAILABILITY = YES_AGGRESSIVE;
				CLANG_WARN_UNREACHABLE_CODE = YES;
				CLANG_WARN__DUPLICATE_METHOD_MATCH = YES;
				COPY_PHASE_STRIP = NO;
				DEBUG_INFORMATION_FORMAT = "dwarf-with-dsym";
				ENABLE_NS_ASSERTIONS = NO;
				ENABLE_STRICT_OBJC_MSGSEND = YES;
				GCC_C_LANGUAGE_STANDARD = gnu11;
				GCC_NO_COMMON_BLOCKS = YES;
				GCC_WARN_64_TO_32_BIT_CONVERSION = YES;
				GCC_WARN_ABOUT_RETURN_TYPE = YES_ERROR;
				GCC_WARN_UNDECLARED_SELECTOR = YES;
				GCC_WARN_UNINITIALIZED_AUTOS = YES_AGGRESSIVE;
				GCC_WARN_UNUSED_FUNCTION = YES;
				GCC_WARN_UNUSED_VARIABLE = YES;
				IPHONEOS_DEPLOYMENT_TARGET = 12.0;
				MTL_ENABLE_DEBUG_INFO = NO;
				MTL_FAST_MATH = YES;
				SDKROOT = iphoneos;
				SWIFT_COMPILATION_MODE = wholemodule;
				SWIFT_OPTIMIZATION_LEVEL = "-O";
				VALIDATE_PRODUCT = YES;
			};
			name = Release;
		};
		A4BE470E260A340800BCA3D7 /* Debug */ = {
			isa = XCBuildConfiguration;
			buildSettings = {
				ASSETCATALOG_COMPILER_APPICON_NAME = AppIcon;
				ASSETCATALOG_COMPILER_GLOBAL_ACCENT_COLOR_NAME = AccentColor;
				CODE_SIGN_STYLE = Automatic;
				DEVELOPMENT_TEAM = 6U769Q36UT;
				INFOPLIST_FILE = CustomViewExamples/Info.plist;
				LD_RUNPATH_SEARCH_PATHS = (
					"$(inherited)",
					"@executable_path/Frameworks",
				);
				PRODUCT_BUNDLE_IDENTIFIER = net.aaronlab.CustomViewExamples;
				PRODUCT_NAME = "$(TARGET_NAME)";
				SWIFT_VERSION = 5.0;
				TARGETED_DEVICE_FAMILY = "1,2";
			};
			name = Debug;
		};
		A4BE470F260A340800BCA3D7 /* Release */ = {
			isa = XCBuildConfiguration;
			buildSettings = {
				ASSETCATALOG_COMPILER_APPICON_NAME = AppIcon;
				ASSETCATALOG_COMPILER_GLOBAL_ACCENT_COLOR_NAME = AccentColor;
				CODE_SIGN_STYLE = Automatic;
				DEVELOPMENT_TEAM = 6U769Q36UT;
				INFOPLIST_FILE = CustomViewExamples/Info.plist;
				LD_RUNPATH_SEARCH_PATHS = (
					"$(inherited)",
					"@executable_path/Frameworks",
				);
				PRODUCT_BUNDLE_IDENTIFIER = net.aaronlab.CustomViewExamples;
				PRODUCT_NAME = "$(TARGET_NAME)";
				SWIFT_VERSION = 5.0;
				TARGETED_DEVICE_FAMILY = "1,2";
			};
			name = Release;
		};
/* End XCBuildConfiguration section */

/* Begin XCConfigurationList section */
		A4BE46F4260A340400BCA3D7 /* Build configuration list for PBXProject "CustomViewExamples" */ = {
			isa = XCConfigurationList;
			buildConfigurations = (
				A4BE470B260A340800BCA3D7 /* Debug */,
				A4BE470C260A340800BCA3D7 /* Release */,
			);
			defaultConfigurationIsVisible = 0;
			defaultConfigurationName = Release;
		};
		A4BE470D260A340800BCA3D7 /* Build configuration list for PBXNativeTarget "CustomViewExamples" */ = {
			isa = XCConfigurationList;
			buildConfigurations = (
				A4BE470E260A340800BCA3D7 /* Debug */,
				A4BE470F260A340800BCA3D7 /* Release */,
			);
			defaultConfigurationIsVisible = 0;
			defaultConfigurationName = Release;
		};
/* End XCConfigurationList section */
	};
	rootObject = A4BE46F1260A340400BCA3D7 /* Project object */;
}
